{
    "apiDependenciesMetadata": {
        "com.netflix.nebula:nebula-gradle-interop": {
            "locked": "1.0.1",
            "requested": "latest.release"
        },
        "org.jetbrains.kotlin:kotlin-stdlib-jdk7": {
            "locked": "1.2.70",
            "requested": "1.2.70"
        }
    },
    "compile": {
        "com.netflix.nebula:nebula-gradle-interop": {
            "locked": "1.0.1",
            "requested": "latest.release"
        },
        "org.jetbrains.kotlin:kotlin-stdlib-jdk7": {
            "locked": "1.2.70",
            "requested": "1.2.70"
        }
    },
    "compileClasspath": {
        "com.netflix.nebula:nebula-gradle-interop": {
            "locked": "1.0.1",
            "requested": "latest.release"
        },
        "org.jetbrains.kotlin:kotlin-gradle-plugin": {
            "locked": "1.2.70",
            "requested": "latest.release"
        },
        "org.jetbrains.kotlin:kotlin-stdlib-jdk7": {
            "locked": "1.2.70",
            "requested": "1.2.70"
        }
    },
    "compileOnly": {
        "org.jetbrains.kotlin:kotlin-gradle-plugin": {
            "locked": "1.2.70",
            "requested": "latest.release"
        }
    },
    "default": {
        "com.netflix.nebula:nebula-gradle-interop": {
            "locked": "1.0.1",
            "requested": "latest.release"
        },
        "org.jetbrains.kotlin:kotlin-stdlib-jdk7": {
            "locked": "1.2.70",
            "requested": "1.2.70"
        }
    },
    "integTestCompile": {
        "com.netflix.nebula:nebula-gradle-interop": {
            "locked": "1.0.1",
            "requested": "latest.release"
        },
        "com.netflix.nebula:nebula-test": {
            "locked": "7.1.0",
            "requested": "7.+"
        },
        "org.jetbrains.kotlin:kotlin-stdlib-jdk7": {
            "locked": "1.2.70",
            "requested": "1.2.70"
        }
    },
    "integTestCompileClasspath": {
        "com.netflix.nebula:nebula-gradle-interop": {
            "locked": "1.0.1",
            "requested": "latest.release"
        },
        "com.netflix.nebula:nebula-test": {
            "locked": "7.1.0",
            "requested": "7.+"
        },
        "org.jetbrains.kotlin:kotlin-stdlib-jdk7": {
            "locked": "1.2.70",
            "requested": "1.2.70"
        }
    },
    "integTestRuntime": {
        "com.netflix.nebula:nebula-gradle-interop": {
            "locked": "1.0.1",
            "requested": "latest.release"
        },
        "com.netflix.nebula:nebula-test": {
            "locked": "7.1.0",
            "requested": "7.+"
        },
        "org.jetbrains.kotlin:kotlin-stdlib-jdk7": {
            "locked": "1.2.70",
            "requested": "1.2.70"
        }
    },
    "integTestRuntimeClasspath": {
        "com.netflix.nebula:nebula-gradle-interop": {
            "locked": "1.0.1",
            "requested": "latest.release"
        },
        "com.netflix.nebula:nebula-test": {
            "locked": "7.1.0",
            "requested": "7.+"
        },
        "org.jetbrains.kotlin:kotlin-stdlib-jdk7": {
            "locked": "1.2.70",
            "requested": "1.2.70"
        }
    },
    "jacocoAgent": {
        "org.jacoco:org.jacoco.agent": {
            "locked": "0.8.1"
        }
    },
    "jacocoAnt": {
        "org.jacoco:org.jacoco.ant": {
            "locked": "0.8.1"
        }
    },
    "kotlinCompilerClasspath": {
        "org.jetbrains.kotlin:kotlin-compiler-embeddable": {
            "locked": "1.2.70"
        }
    },
    "kotlinCompilerPluginClasspath": {
        "org.jetbrains.kotlin:kotlin-scripting-compiler-embeddable": {
            "locked": "1.2.70",
            "requested": "1.2.70"
        }
    },
    "runtime": {
        "com.netflix.nebula:nebula-gradle-interop": {
            "locked": "1.0.1",
            "requested": "latest.release"
        },
        "org.jetbrains.kotlin:kotlin-stdlib-jdk7": {
            "locked": "1.2.70",
            "requested": "1.2.70"
        }
    },
    "runtimeClasspath": {
        "com.netflix.nebula:nebula-gradle-interop": {
            "locked": "1.0.1",
            "requested": "latest.release"
        },
        "org.jetbrains.kotlin:kotlin-stdlib-jdk7": {
            "locked": "1.2.70",
            "requested": "1.2.70"
        }
    },
    "testCompile": {
        "com.netflix.nebula:nebula-gradle-interop": {
            "locked": "1.0.1",
            "requested": "latest.release"
        },
        "com.netflix.nebula:nebula-test": {
            "locked": "7.1.0",
            "requested": "7.+"
        },
        "org.jetbrains.kotlin:kotlin-stdlib-jdk7": {
            "locked": "1.2.70",
            "requested": "1.2.70"
        }
    },
    "testCompileClasspath": {
        "com.netflix.nebula:nebula-gradle-interop": {
            "locked": "1.0.1",
            "requested": "latest.release"
        },
        "com.netflix.nebula:nebula-test": {
            "locked": "7.1.0",
            "requested": "7.+"
        },
        "org.jetbrains.kotlin:kotlin-stdlib-jdk7": {
            "locked": "1.2.70",
            "requested": "1.2.70"
        }
    },
    "testRuntime": {
        "com.netflix.nebula:nebula-gradle-interop": {
            "locked": "1.0.1",
            "requested": "latest.release"
        },
        "com.netflix.nebula:nebula-test": {
            "locked": "7.1.0",
            "requested": "7.+"
        },
        "org.jetbrains.kotlin:kotlin-stdlib-jdk7": {
            "locked": "1.2.70",
            "requested": "1.2.70"
        }
    },
    "testRuntimeClasspath": {
        "com.netflix.nebula:nebula-gradle-interop": {
            "locked": "1.0.1",
            "requested": "latest.release"
        },
        "com.netflix.nebula:nebula-test": {
            "locked": "7.1.0",
            "requested": "7.+"
        },
        "org.jetbrains.kotlin:kotlin-stdlib-jdk7": {
            "locked": "1.2.70",
            "requested": "1.2.70"
        }
    }
}