{
    "compile": {
        "com.netflix.nebula:nebula-gradle-interop": {
            "locked": "0.5.0",
            "requested": "latest.release"
        },
        "org.jetbrains.kotlin:kotlin-stdlib-jre7": {
            "locked": "1.1.2",
            "requested": "1.1.2"
        }
    },
    "compileClasspath": {
        "com.netflix.nebula:nebula-gradle-interop": {
            "locked": "0.5.0",
            "requested": "latest.release"
        },
        "org.jetbrains.kotlin:kotlin-gradle-plugin": {
            "locked": "1.1.51",
            "requested": "latest.release"
        },
        "org.jetbrains.kotlin:kotlin-stdlib-jre7": {
            "locked": "1.1.2",
            "requested": "1.1.2"
        }
    },
    "compileOnly": {
        "org.jetbrains.kotlin:kotlin-gradle-plugin": {
            "locked": "1.1.51",
            "requested": "latest.release"
        }
    },
    "default": {
        "com.netflix.nebula:nebula-gradle-interop": {
            "locked": "0.5.0",
            "requested": "latest.release"
        },
        "org.jetbrains.kotlin:kotlin-stdlib-jre7": {
            "locked": "1.1.2",
            "requested": "1.1.2"
        }
    },
    "integTestCompile": {
        "com.netflix.nebula:nebula-gradle-interop": {
            "locked": "0.5.0",
            "requested": "latest.release"
        },
        "com.netflix.nebula:nebula-test": {
            "locked": "6.1.2",
            "requested": "6.+"
        },
        "org.jetbrains.kotlin:kotlin-stdlib-jre7": {
            "locked": "1.1.2",
            "requested": "1.1.2"
        }
    },
    "integTestCompileClasspath": {
        "com.netflix.nebula:nebula-gradle-interop": {
            "locked": "0.5.0",
            "requested": "latest.release"
        },
        "com.netflix.nebula:nebula-test": {
            "locked": "6.1.2",
            "requested": "6.+"
        },
        "org.jetbrains.kotlin:kotlin-stdlib-jre7": {
            "locked": "1.1.2",
            "requested": "1.1.2"
        }
    },
    "integTestRuntime": {
        "com.netflix.nebula:nebula-gradle-interop": {
            "locked": "0.5.0",
            "requested": "latest.release"
        },
        "com.netflix.nebula:nebula-test": {
            "locked": "6.1.2",
            "requested": "6.+"
        },
        "org.jetbrains.kotlin:kotlin-stdlib-jre7": {
            "locked": "1.1.2",
            "requested": "1.1.2"
        }
    },
    "integTestRuntimeClasspath": {
        "com.netflix.nebula:nebula-gradle-interop": {
            "locked": "0.5.0",
            "requested": "latest.release"
        },
        "com.netflix.nebula:nebula-test": {
            "locked": "6.1.2",
            "requested": "6.+"
        },
        "org.jetbrains.kotlin:kotlin-stdlib-jre7": {
            "locked": "1.1.2",
            "requested": "1.1.2"
        }
    },
    "jacocoAgent": {
        "org.jacoco:org.jacoco.agent": {
            "locked": "0.7.9"
        }
    },
    "jacocoAnt": {
        "org.jacoco:org.jacoco.ant": {
            "locked": "0.7.9"
        }
    },
    "kapt": {
        "org.jetbrains.kotlin:kotlin-annotation-processing": {
            "locked": "1.1.2",
            "requested": "1.1.2"
        }
    },
    "kaptIntegTest": {
        "org.jetbrains.kotlin:kotlin-annotation-processing": {
            "locked": "1.1.2",
            "requested": "1.1.2"
        }
    },
    "kaptTest": {
        "org.jetbrains.kotlin:kotlin-annotation-processing": {
            "locked": "1.1.2",
            "requested": "1.1.2"
        }
    },
    "runtime": {
        "com.netflix.nebula:nebula-gradle-interop": {
            "locked": "0.5.0",
            "requested": "latest.release"
        },
        "org.jetbrains.kotlin:kotlin-stdlib-jre7": {
            "locked": "1.1.2",
            "requested": "1.1.2"
        }
    },
    "runtimeClasspath": {
        "com.netflix.nebula:nebula-gradle-interop": {
            "locked": "0.5.0",
            "requested": "latest.release"
        },
        "org.jetbrains.kotlin:kotlin-stdlib-jre7": {
            "locked": "1.1.2",
            "requested": "1.1.2"
        }
    },
    "testCompile": {
        "com.netflix.nebula:nebula-gradle-interop": {
            "locked": "0.5.0",
            "requested": "latest.release"
        },
        "com.netflix.nebula:nebula-test": {
            "locked": "6.1.2",
            "requested": "6.+"
        },
        "org.jetbrains.kotlin:kotlin-stdlib-jre7": {
            "locked": "1.1.2",
            "requested": "1.1.2"
        }
    },
    "testCompileClasspath": {
        "com.netflix.nebula:nebula-gradle-interop": {
            "locked": "0.5.0",
            "requested": "latest.release"
        },
        "com.netflix.nebula:nebula-test": {
            "locked": "6.1.2",
            "requested": "6.+"
        },
        "org.jetbrains.kotlin:kotlin-stdlib-jre7": {
            "locked": "1.1.2",
            "requested": "1.1.2"
        }
    },
    "testRuntime": {
        "com.netflix.nebula:nebula-gradle-interop": {
            "locked": "0.5.0",
            "requested": "latest.release"
        },
        "com.netflix.nebula:nebula-test": {
            "locked": "6.1.2",
            "requested": "6.+"
        },
        "org.jetbrains.kotlin:kotlin-stdlib-jre7": {
            "locked": "1.1.2",
            "requested": "1.1.2"
        }
    },
    "testRuntimeClasspath": {
        "com.netflix.nebula:nebula-gradle-interop": {
            "locked": "0.5.0",
            "requested": "latest.release"
        },
        "com.netflix.nebula:nebula-test": {
            "locked": "6.1.2",
            "requested": "6.+"
        },
        "org.jetbrains.kotlin:kotlin-stdlib-jre7": {
            "locked": "1.1.2",
            "requested": "1.1.2"
        }
    }
}