{
    "apiDependenciesMetadata": {
        "com.netflix.nebula:nebula-gradle-interop": {
            "locked": "1.0.2",
            "requested": "latest.release"
        },
        "org.jetbrains.kotlin:kotlin-stdlib-jdk7": {
            "locked": "1.3.11",
            "requested": "1.3.11"
        }
    },
    "compile": {
        "com.netflix.nebula:nebula-gradle-interop": {
            "locked": "1.0.2",
            "requested": "latest.release"
        },
        "org.jetbrains.kotlin:kotlin-stdlib-jdk7": {
            "locked": "1.3.11",
            "requested": "1.3.11"
        }
    },
    "compileClasspath": {
        "com.netflix.nebula:nebula-gradle-interop": {
            "locked": "1.0.2",
            "requested": "latest.release"
        },
        "org.jetbrains.kotlin:kotlin-android-extensions": {
            "locked": "1.2.70",
            "requested": "1.2.70"
        },
        "org.jetbrains.kotlin:kotlin-annotation-processing-gradle": {
            "locked": "1.2.70",
            "requested": "1.2.70"
        },
        "org.jetbrains.kotlin:kotlin-compiler-embeddable": {
            "locked": "1.2.70",
            "requested": "1.2.70"
        },
        "org.jetbrains.kotlin:kotlin-compiler-runner": {
            "locked": "1.2.70",
            "requested": "1.2.70"
        },
        "org.jetbrains.kotlin:kotlin-gradle-plugin": {
            "locked": "1.2.70",
            "requested": "1.2.70"
        },
        "org.jetbrains.kotlin:kotlin-reflect": {
            "locked": "1.2.70",
            "requested": "1.2.70"
        },
        "org.jetbrains.kotlin:kotlin-stdlib-jdk7": {
            "locked": "1.3.11",
            "requested": "1.3.11"
        }
    },
    "compileOnly": {
        "org.jetbrains.kotlin:kotlin-android-extensions": {
            "locked": "1.2.70",
            "requested": "1.2.70"
        },
        "org.jetbrains.kotlin:kotlin-annotation-processing-gradle": {
            "locked": "1.2.70",
            "requested": "1.2.70"
        },
        "org.jetbrains.kotlin:kotlin-compiler-embeddable": {
            "locked": "1.2.70",
            "requested": "1.2.70"
        },
        "org.jetbrains.kotlin:kotlin-compiler-runner": {
            "locked": "1.2.70",
            "requested": "1.2.70"
        },
        "org.jetbrains.kotlin:kotlin-gradle-plugin": {
            "locked": "1.2.70",
            "requested": "1.2.70"
        },
        "org.jetbrains.kotlin:kotlin-reflect": {
            "locked": "1.2.70",
            "requested": "1.2.70"
        }
    },
    "compileOnlyDependenciesMetadata": {
        "org.jetbrains.kotlin:kotlin-android-extensions": {
            "locked": "1.2.70",
            "requested": "1.2.70"
        },
        "org.jetbrains.kotlin:kotlin-annotation-processing-gradle": {
            "locked": "1.2.70",
            "requested": "1.2.70"
        },
        "org.jetbrains.kotlin:kotlin-compiler-embeddable": {
            "locked": "1.2.70",
            "requested": "1.2.70"
        },
        "org.jetbrains.kotlin:kotlin-compiler-runner": {
            "locked": "1.2.70",
            "requested": "1.2.70"
        },
        "org.jetbrains.kotlin:kotlin-gradle-plugin": {
            "locked": "1.2.70",
            "requested": "1.2.70"
        },
        "org.jetbrains.kotlin:kotlin-reflect": {
            "locked": "1.2.70",
            "requested": "1.2.70"
        }
    },
    "default": {
        "com.netflix.nebula:nebula-gradle-interop": {
            "locked": "1.0.2",
            "requested": "latest.release"
        },
        "org.jetbrains.kotlin:kotlin-stdlib-jdk7": {
            "locked": "1.3.11",
            "requested": "1.3.11"
        }
    },
    "implementationDependenciesMetadata": {
        "com.netflix.nebula:nebula-gradle-interop": {
            "locked": "1.0.2",
            "requested": "latest.release"
        },
        "org.jetbrains.kotlin:kotlin-stdlib-jdk7": {
            "locked": "1.3.11",
            "requested": "1.3.11"
        }
    },
    "integTestApiDependenciesMetadata": {
        "com.netflix.nebula:nebula-gradle-interop": {
            "locked": "1.0.2",
            "requested": "latest.release"
        },
        "com.netflix.nebula:nebula-test": {
            "locked": "7.1.2",
            "requested": "7.+"
        },
        "org.jetbrains.kotlin:kotlin-stdlib-jdk7": {
            "locked": "1.3.11",
            "requested": "1.3.11"
        }
    },
    "integTestCompile": {
        "com.netflix.nebula:nebula-gradle-interop": {
            "locked": "1.0.2",
            "requested": "latest.release"
        },
        "com.netflix.nebula:nebula-test": {
            "locked": "7.1.2",
            "requested": "7.+"
        },
        "org.jetbrains.kotlin:kotlin-stdlib-jdk7": {
            "locked": "1.3.11",
            "requested": "1.3.11"
        }
    },
    "integTestCompileClasspath": {
        "com.netflix.nebula:nebula-gradle-interop": {
            "locked": "1.0.2",
            "requested": "latest.release"
        },
        "com.netflix.nebula:nebula-test": {
            "locked": "7.1.2",
            "requested": "7.+"
        },
        "org.jetbrains.kotlin:kotlin-stdlib-jdk7": {
            "locked": "1.3.11",
            "requested": "1.3.11"
        }
    },
    "integTestImplementationDependenciesMetadata": {
        "com.netflix.nebula:nebula-gradle-interop": {
            "locked": "1.0.2",
            "requested": "latest.release"
        },
        "com.netflix.nebula:nebula-test": {
            "locked": "7.1.2",
            "requested": "7.+"
        },
        "org.jetbrains.kotlin:kotlin-stdlib-jdk7": {
            "locked": "1.3.11",
            "requested": "1.3.11"
        }
    },
    "integTestRuntime": {
        "com.netflix.nebula:nebula-gradle-interop": {
            "locked": "1.0.2",
            "requested": "latest.release"
        },
        "com.netflix.nebula:nebula-test": {
            "locked": "7.1.2",
            "requested": "7.+"
        },
        "org.jetbrains.kotlin:kotlin-stdlib-jdk7": {
            "locked": "1.3.11",
            "requested": "1.3.11"
        }
    },
    "integTestRuntimeClasspath": {
        "com.netflix.nebula:nebula-gradle-interop": {
            "locked": "1.0.2",
            "requested": "latest.release"
        },
        "com.netflix.nebula:nebula-test": {
            "locked": "7.1.2",
            "requested": "7.+"
        },
        "org.jetbrains.kotlin:kotlin-stdlib-jdk7": {
            "locked": "1.3.11",
            "requested": "1.3.11"
        }
    },
    "jacocoAgent": {
        "org.jacoco:org.jacoco.agent": {
            "locked": "0.8.2"
        }
    },
    "jacocoAnt": {
        "org.jacoco:org.jacoco.ant": {
            "locked": "0.8.2"
        }
    },
    "kotlinCompilerClasspath": {
        "org.jetbrains.kotlin:kotlin-compiler-embeddable": {
            "locked": "1.3.11"
        }
    },
    "kotlinCompilerPluginClasspath": {
        "org.jetbrains.kotlin:kotlin-scripting-compiler-embeddable": {
            "locked": "1.3.11",
            "requested": "1.3.11"
        }
    },
    "runtime": {
        "com.netflix.nebula:nebula-gradle-interop": {
            "locked": "1.0.2",
            "requested": "latest.release"
        },
        "org.jetbrains.kotlin:kotlin-stdlib-jdk7": {
            "locked": "1.3.11",
            "requested": "1.3.11"
        }
    },
    "runtimeClasspath": {
        "com.netflix.nebula:nebula-gradle-interop": {
            "locked": "1.0.2",
            "requested": "latest.release"
        },
        "org.jetbrains.kotlin:kotlin-stdlib-jdk7": {
            "locked": "1.3.11",
            "requested": "1.3.11"
        }
    },
    "testApiDependenciesMetadata": {
        "com.netflix.nebula:nebula-gradle-interop": {
            "locked": "1.0.2",
            "requested": "latest.release"
        },
        "com.netflix.nebula:nebula-test": {
            "locked": "7.1.2",
            "requested": "7.+"
        },
        "org.jetbrains.kotlin:kotlin-stdlib-jdk7": {
            "locked": "1.3.11",
            "requested": "1.3.11"
        }
    },
    "testCompile": {
        "com.netflix.nebula:nebula-gradle-interop": {
            "locked": "1.0.2",
            "requested": "latest.release"
        },
        "com.netflix.nebula:nebula-test": {
            "locked": "7.1.2",
            "requested": "7.+"
        },
        "org.jetbrains.kotlin:kotlin-stdlib-jdk7": {
            "locked": "1.3.11",
            "requested": "1.3.11"
        }
    },
    "testCompileClasspath": {
        "com.netflix.nebula:nebula-gradle-interop": {
            "locked": "1.0.2",
            "requested": "latest.release"
        },
        "com.netflix.nebula:nebula-test": {
            "locked": "7.1.2",
            "requested": "7.+"
        },
        "org.jetbrains.kotlin:kotlin-stdlib-jdk7": {
            "locked": "1.3.11",
            "requested": "1.3.11"
        }
    },
    "testImplementationDependenciesMetadata": {
        "com.netflix.nebula:nebula-gradle-interop": {
            "locked": "1.0.2",
            "requested": "latest.release"
        },
        "com.netflix.nebula:nebula-test": {
            "locked": "7.1.2",
            "requested": "7.+"
        },
        "org.jetbrains.kotlin:kotlin-stdlib-jdk7": {
            "locked": "1.3.11",
            "requested": "1.3.11"
        }
    },
    "testRuntime": {
        "com.netflix.nebula:nebula-gradle-interop": {
            "locked": "1.0.2",
            "requested": "latest.release"
        },
        "com.netflix.nebula:nebula-test": {
            "locked": "7.1.2",
            "requested": "7.+"
        },
        "org.jetbrains.kotlin:kotlin-stdlib-jdk7": {
            "locked": "1.3.11",
            "requested": "1.3.11"
        }
    },
    "testRuntimeClasspath": {
        "com.netflix.nebula:nebula-gradle-interop": {
            "locked": "1.0.2",
            "requested": "latest.release"
        },
        "com.netflix.nebula:nebula-test": {
            "locked": "7.1.2",
            "requested": "7.+"
        },
        "org.jetbrains.kotlin:kotlin-stdlib-jdk7": {
            "locked": "1.3.11",
            "requested": "1.3.11"
        }
    }
}