# This is a Gradle generated file for dependency locking.
# Manual edits can break the build and are not advised.
# This file is expected to be part of source control.
cglib:cglib-nodep:3.2.2=integTestRuntimeClasspath,testRuntimeClasspath
com.google.code.gson:gson:2.8.6=compileClasspath
com.netflix.nebula:nebula-gradle-interop:2.0.0=compileClasspath,integTestCompileClasspath,integTestRuntimeClasspath,runtimeClasspath,testCompileClasspath,testRuntimeClasspath
com.netflix.nebula:nebula-test:10.0.1=integTestCompileClasspath,integTestRuntimeClasspath,testCompileClasspath,testRuntimeClasspath
de.undercouch:gradle-download-task:4.0.2=compileClasspath
junit:junit:4.13=integTestCompileClasspath,integTestRuntimeClasspath,testCompileClasspath,testRuntimeClasspath
org.apiguardian:apiguardian-api:1.1.0=integTestCompileClasspath,integTestRuntimeClasspath,testCompileClasspath,testRuntimeClasspath
org.codehaus.groovy:groovy:3.0.6=integTestCompileClasspath,integTestRuntimeClasspath,testCompileClasspath,testRuntimeClasspath
org.hamcrest:hamcrest-core:1.3=integTestCompileClasspath,integTestRuntimeClasspath,testCompileClasspath,testRuntimeClasspath
org.hamcrest:hamcrest:2.2=integTestCompileClasspath,integTestRuntimeClasspath,testCompileClasspath,testRuntimeClasspath
org.jetbrains.kotlin:kotlin-android-extensions:1.4.30=compileClasspath
org.jetbrains.kotlin:kotlin-annotation-processing-gradle:1.4.30=compileClasspath
org.jetbrains.kotlin:kotlin-build-common:1.4.30=compileClasspath
org.jetbrains.kotlin:kotlin-compiler-embeddable:1.4.30=compileClasspath
org.jetbrains.kotlin:kotlin-compiler-runner:1.4.30=compileClasspath
org.jetbrains.kotlin:kotlin-daemon-client:1.4.30=compileClasspath
org.jetbrains.kotlin:kotlin-gradle-plugin-api:1.4.30=compileClasspath
org.jetbrains.kotlin:kotlin-gradle-plugin-model:1.4.30=compileClasspath
org.jetbrains.kotlin:kotlin-gradle-plugin:1.4.30=compileClasspath
org.jetbrains.kotlin:kotlin-reflect:1.4.30=compileClasspath
org.jetbrains.kotlin:kotlin-stdlib-common:1.4.30=compileClasspath,integTestCompileClasspath,integTestRuntimeClasspath,runtimeClasspath,testCompileClasspath,testRuntimeClasspath
org.jetbrains.kotlin:kotlin-stdlib-jdk7:1.4.21=compileClasspath,integTestCompileClasspath,integTestRuntimeClasspath,runtimeClasspath,testCompileClasspath,testRuntimeClasspath
org.jetbrains.kotlin:kotlin-stdlib-jdk8:1.4.21=compileClasspath,integTestCompileClasspath,integTestRuntimeClasspath,runtimeClasspath,testCompileClasspath,testRuntimeClasspath
org.jetbrains.kotlin:kotlin-stdlib:1.4.30=compileClasspath,integTestCompileClasspath,integTestRuntimeClasspath,runtimeClasspath,testCompileClasspath,testRuntimeClasspath
org.jetbrains.kotlin:kotlin-util-io:1.4.30=compileClasspath
org.jetbrains.kotlin:kotlin-util-klib:1.4.30=compileClasspath
org.jetbrains.kotlinx:kotlinx-coroutines-core:1.3.8=compileClasspath
org.jetbrains:annotations:13.0=compileClasspath,integTestCompileClasspath,integTestRuntimeClasspath,runtimeClasspath,testCompileClasspath,testRuntimeClasspath
org.junit.platform:junit-platform-commons:1.7.0=integTestCompileClasspath,integTestRuntimeClasspath,testCompileClasspath,testRuntimeClasspath
org.junit.platform:junit-platform-engine:1.7.0=integTestCompileClasspath,integTestRuntimeClasspath,testCompileClasspath,testRuntimeClasspath
org.objenesis:objenesis:2.4=integTestRuntimeClasspath,testRuntimeClasspath
org.opentest4j:opentest4j:1.2.0=integTestCompileClasspath,integTestRuntimeClasspath,testCompileClasspath,testRuntimeClasspath
org.spockframework:spock-core:2.0-M4-groovy-3.0=integTestCompileClasspath,integTestRuntimeClasspath,testCompileClasspath,testRuntimeClasspath
org.spockframework:spock-junit4:2.0-M4-groovy-3.0=integTestCompileClasspath,integTestRuntimeClasspath,testCompileClasspath,testRuntimeClasspath
empty=annotationProcessor,compile,integTestAnnotationProcessor,integTestCompile,integTestRuntime,runtime,testAnnotationProcessor,testCompile,testRuntime
